
Microsoft Visual Studio Solution File, Format Version 12.00
# Visual Studio Version 16
VisualStudioVersion = 16.0.36324.18
MinimumVisualStudioVersion = 10.0.40219.1
Project("{FAE04EC0-301F-11D3-BF4B-00C04F79EFBC}") = "HW1", "HW1\HW1.csproj", "{0427CD67-2E04-4A8C-8037-225839209A27}"
EndProject
Global
	GlobalSection(SolutionConfigurationPlatforms) = preSolution
		Debug|Any CPU = Debug|Any CPU
		Release|Any CPU = Release|Any CPU
	EndGlobalSection
	GlobalSection(ProjectConfigurationPlatforms) = postSolution
		{0427CD67-2E04-4A8C-8037-225839209A27}.Debug|Any CPU.ActiveCfg = Debug|Any CPU
		{0427CD67-2E04-4A8C-8037-225839209A27}.Debug|Any CPU.Build.0 = Debug|Any CPU
		{0427CD67-2E04-4A8C-8037-225839209A27}.Release|Any CPU.ActiveCfg = Release|Any CPU
		{0427CD67-2E04-4A8C-8037-225839209A27}.Release|Any CPU.Build.0 = Release|Any CPU
	EndGlobalSection
	GlobalSection(SolutionProperties) = preSolution
		HideSolutionNode = FALSE
	EndGlobalSection
	GlobalSection(ExtensibilityGlobals) = postSolution
		SolutionGuid = {12F32609-0278-4B87-BF67-CF22900230FF}
	EndGlobalSection
EndGlobal
